# This file is automatically @generated by Cargo.
# It is not intended for manual editing.
version = 4

[[package]]
name = "ipkvm-core"
version = "0.1.0"

[[package]]
name = "ipkvm-desktop"
version = "0.1.0"
dependencies = [
 "ipkvm-core",
 "ipkvm-session",
]

[[package]]
name = "ipkvm-headless"
version = "0.1.0"
dependencies = [
 "ipkvm-rfb",
 "ipkvm-session",
]

[[package]]
name = "ipkvm-rfb"
version = "0.1.0"
dependencies = [
 "ipkvm-core",
 "ipkvm-session",
]

[[package]]
name = "ipkvm-session"
version = "0.1.0"
dependencies = [
 "ipkvm-core",
 "ipkvm-video",
]

[[package]]
name = "ipkvm-video"
version = "0.1.0"
